
Microsoft Visual Studio Solution File, Format Version 12.00
# Visual Studio Version 17
VisualStudioVersion = 17.1.32319.34
MinimumVisualStudioVersion = 10.0.40219.1
Project("{FAE04EC0-301F-11D3-BF4B-00C04F79EFBC}") = "Prima prova", "Prima prova\Prima prova.csproj", "{720AA637-B930-4EE8-853E-19B8552FE6A5}"
EndProject
Global
	GlobalSection(SolutionConfigurationPlatforms) = preSolution
		Debug|Any CPU = Debug|Any CPU
		Release|Any CPU = Release|Any CPU
	EndGlobalSection
	GlobalSection(ProjectConfigurationPlatforms) = postSolution
		{720AA637-B930-4EE8-853E-19B8552FE6A5}.Debug|Any CPU.ActiveCfg = Debug|Any CPU
		{720AA637-B930-4EE8-853E-19B8552FE6A5}.Debug|Any CPU.Build.0 = Debug|Any CPU
		{720AA637-B930-4EE8-853E-19B8552FE6A5}.Release|Any CPU.ActiveCfg = Release|Any CPU
		{720AA637-B930-4EE8-853E-19B8552FE6A5}.Release|Any CPU.Build.0 = Release|Any CPU
	EndGlobalSection
	GlobalSection(SolutionProperties) = preSolution
		HideSolutionNode = FALSE
	EndGlobalSection
	GlobalSection(ExtensibilityGlobals) = postSolution
		SolutionGuid = {AB0B29DD-1D33-4DB1-B91A-71FDAC5279A3}
	EndGlobalSection
EndGlobal
